
Microsoft Visual Studio Solution File, Format Version 12.00
# Visual Studio Version 16
VisualStudioVersion = 16.0.31729.503
MinimumVisualStudioVersion = 10.0.40219.1
Project("{FAE04EC0-301F-11D3-BF4B-00C04F79EFBC}") = "Std", "WindowsFormsApp1\Std.csproj", "{4C9FC067-D34D-4D83-B2B7-6BE8E2536F11}"
EndProject
Global
	GlobalSection(SolutionConfigurationPlatforms) = preSolution
		Debug|Any CPU = Debug|Any CPU
		Release|Any CPU = Release|Any CPU
	EndGlobalSection
	GlobalSection(ProjectConfigurationPlatforms) = postSolution
		{4C9FC067-D34D-4D83-B2B7-6BE8E2536F11}.Debug|Any CPU.ActiveCfg = Debug|Any CPU
		{4C9FC067-D34D-4D83-B2B7-6BE8E2536F11}.Debug|Any CPU.Build.0 = Debug|Any CPU
		{4C9FC067-D34D-4D83-B2B7-6BE8E2536F11}.Release|Any CPU.ActiveCfg = Release|Any CPU
		{4C9FC067-D34D-4D83-B2B7-6BE8E2536F11}.Release|Any CPU.Build.0 = Release|Any CPU
	EndGlobalSection
	GlobalSection(SolutionProperties) = preSolution
		HideSolutionNode = FALSE
	EndGlobalSection
	GlobalSection(ExtensibilityGlobals) = postSolution
		SolutionGuid = {994CD4D7-5F23-4837-B045-076B43AC8BD9}
	EndGlobalSection
EndGlobal
